
Microsoft Visual Studio Solution File, Format Version 12.00
# Visual Studio 14
VisualStudioVersion = 14.0.25420.1
MinimumVisualStudioVersion = 10.0.40219.1
Project("{FAE04EC0-301F-11D3-BF4B-00C04F79EFBC}") = "Gutenberg_data_collection", "Gutenberg_data_collection\Gutenberg_data_collection.csproj", "{24A19871-63F9-4731-ACB9-60F80D92BB14}"
EndProject
Project("{FAE04EC0-301F-11D3-BF4B-00C04F79EFBC}") = "UnitTestProject", "UnitTestProject\UnitTestProject.csproj", "{A3A80098-8660-40F6-BCA3-46BCB958AB30}"
EndProject
Global
	GlobalSection(SolutionConfigurationPlatforms) = preSolution
		Debug|Any CPU = Debug|Any CPU
		Release|Any CPU = Release|Any CPU
	EndGlobalSection
	GlobalSection(ProjectConfigurationPlatforms) = postSolution
		{24A19871-63F9-4731-ACB9-60F80D92BB14}.Debug|Any CPU.ActiveCfg = Debug|Any CPU
		{24A19871-63F9-4731-ACB9-60F80D92BB14}.Debug|Any CPU.Build.0 = Debug|Any CPU
		{24A19871-63F9-4731-ACB9-60F80D92BB14}.Release|Any CPU.ActiveCfg = Release|Any CPU
		{24A19871-63F9-4731-ACB9-60F80D92BB14}.Release|Any CPU.Build.0 = Release|Any CPU
		{A3A80098-8660-40F6-BCA3-46BCB958AB30}.Debug|Any CPU.ActiveCfg = Debug|Any CPU
		{A3A80098-8660-40F6-BCA3-46BCB958AB30}.Debug|Any CPU.Build.0 = Debug|Any CPU
		{A3A80098-8660-40F6-BCA3-46BCB958AB30}.Release|Any CPU.ActiveCfg = Release|Any CPU
		{A3A80098-8660-40F6-BCA3-46BCB958AB30}.Release|Any CPU.Build.0 = Release|Any CPU
	EndGlobalSection
	GlobalSection(SolutionProperties) = preSolution
		HideSolutionNode = FALSE
	EndGlobalSection
EndGlobal
